{
  "version": "3",
  "packages": {
    "specifiers": {
      "jsr:@oxi/core@^0.2.0": "jsr:@oxi/core@0.2.1",
      "jsr:@oxi/core@^0.2.1": "jsr:@oxi/core@0.2.1",
      "jsr:@oxi/core@^0.3.2": "jsr:@oxi/core@0.3.2",
      "jsr:@oxi/list@^1.2.0": "jsr:@oxi/list@1.2.0",
      "jsr:@oxi/option@^0.1.0": "jsr:@oxi/option@0.1.1",
      "jsr:@oxi/option@^0.2.0": "jsr:@oxi/option@0.2.0",
      "jsr:@oxi/result@^0.3.0": "jsr:@oxi/result@0.3.0"
    },
    "jsr": {
      "@oxi/core@0.2.1": {
        "integrity": "36e340fb6d9fd29013c23cfd867645390e39f7b9b253c28514c2b5cb97638b5e"
      },
      "@oxi/core@0.3.2": {
        "integrity": "d1651d8d3be52b01b47ca588cde22f8a849f90ee7007189c67c2c7d628698ee1"
      },
      "@oxi/list@1.2.0": {
        "integrity": "b3177f3c8b961f9315a3aba5dcd64ab8367bdc05233d5d47490832ab9d31bd35",
        "dependencies": [
          "jsr:@oxi/core@^0.2.0",
          "jsr:@oxi/option@^0.1.0"
        ]
      },
      "@oxi/option@0.1.1": {
        "integrity": "4d41eeeb26d9e67bcaa44767cded88e79b327c34a7e142800f22b57d401f544b"
      },
      "@oxi/option@0.2.0": {
        "integrity": "31eb26fe703146a827c446589784918633f6d2250a8b6a00cab10f37f1feeb69",
        "dependencies": [
          "jsr:@oxi/core@^0.2.1"
        ]
      },
      "@oxi/result@0.3.0": {
        "integrity": "ffc75e9cf30ff39d52f6ad1fe70c6b0f7cc2d05e5ba04aca09ac75e056263f5b",
        "dependencies": [
          "jsr:@oxi/core@^0.2.1"
        ]
      }
    }
  },
  "remote": {},
  "workspace": {
    "dependencies": [
      "jsr:@oxi/core@^0.3.2",
      "jsr:@oxi/list@^1.2.0",
      "jsr:@oxi/option@^0.2.0",
      "jsr:@oxi/result@^0.3.0"
    ]
  }
}
